// !$*UTF8*$!
{
	archiveVersion = 1;
	classes = {
	};
	objectVersion = 55;
	objects = {

/* Begin PBXBuildFile section */
		46846FEFFF3025B7EF4C56ED /* Pods_FlixTests.framework in Frameworks */ = {isa = PBXBuildFile; fileRef = E7265A4104569D505D4444A8 /* Pods_FlixTests.framework */; };
		92A464BD28C8FF580098AB02 /* AppDelegate.swift in Sources */ = {isa = PBXBuildFile; fileRef = 92A464BC28C8FF580098AB02 /* AppDelegate.swift */; };
		92A464BF28C8FF580098AB02 /* SceneDelegate.swift in Sources */ = {isa = PBXBuildFile; fileRef = 92A464BE28C8FF580098AB02 /* SceneDelegate.swift */; };
		92A464C128C8FF580098AB02 /* ViewController.swift in Sources */ = {isa = PBXBuildFile; fileRef = 92A464C028C8FF580098AB02 /* ViewController.swift */; };
		92A464C428C8FF580098AB02 /* Main.storyboard in Resources */ = {isa = PBXBuildFile; fileRef = 92A464C228C8FF580098AB02 /* Main.storyboard */; };
		92A464C628C8FF5A0098AB02 /* Assets.xcassets in Resources */ = {isa = PBXBuildFile; fileRef = 92A464C528C8FF5A0098AB02 /* Assets.xcassets */; };
		92A464C928C8FF5A0098AB02 /* LaunchScreen.storyboard in Resources */ = {isa = PBXBuildFile; fileRef = 92A464C728C8FF5A0098AB02 /* LaunchScreen.storyboard */; };
		92A464D428C8FF5A0098AB02 /* FlixTests.swift in Sources */ = {isa = PBXBuildFile; fileRef = 92A464D328C8FF5A0098AB02 /* FlixTests.swift */; };
		92A464DE28C8FF5A0098AB02 /* FlixUITests.swift in Sources */ = {isa = PBXBuildFile; fileRef = 92A464DD28C8FF5A0098AB02 /* FlixUITests.swift */; };
		92A464E028C8FF5A0098AB02 /* FlixUITestsLaunchTests.swift in Sources */ = {isa = PBXBuildFile; fileRef = 92A464DF28C8FF5A0098AB02 /* FlixUITestsLaunchTests.swift */; };
		92A464ED28C902990098AB02 /* MovieCell.swift in Sources */ = {isa = PBXBuildFile; fileRef = 92A464EC28C902990098AB02 /* MovieCell.swift */; };
		A25545FA8967DC6A87DB9AA6 /* Pods_Flix_FlixUITests.framework in Frameworks */ = {isa = PBXBuildFile; fileRef = 5AB6A42E7B4DB819A1AECC18 /* Pods_Flix_FlixUITests.framework */; };
		F6BDB14C3A8077CD497EA4E4 /* Pods_Flix.framework in Frameworks */ = {isa = PBXBuildFile; fileRef = F40481EFC0C10EBD8E8F0EBB /* Pods_Flix.framework */; };
/* End PBXBuildFile section */

/* Begin PBXContainerItemProxy section */
		92A464D028C8FF5A0098AB02 /* PBXContainerItemProxy */ = {
			isa = PBXContainerItemProxy;
			containerPortal = 92A464B128C8FF580098AB02 /* Project object */;
			proxyType = 1;
			remoteGlobalIDString = 92A464B828C8FF580098AB02;
			remoteInfo = Flix;
		};
		92A464DA28C8FF5A0098AB02 /* PBXContainerItemProxy */ = {
			isa = PBXContainerItemProxy;
			containerPortal = 92A464B128C8FF580098AB02 /* Project object */;
			proxyType = 1;
			remoteGlobalIDString = 92A464B828C8FF580098AB02;
			remoteInfo = Flix;
		};
/* End PBXContainerItemProxy section */

/* Begin PBXFileReference section */
		0E0D259223F6888A765DFFD2 /* Pods-Flix-FlixUITests.debug.xcconfig */ = {isa = PBXFileReference; includeInIndex = 1; lastKnownFileType = text.xcconfig; name = "Pods-Flix-FlixUITests.debug.xcconfig"; path = "Target Support Files/Pods-Flix-FlixUITests/Pods-Flix-FlixUITests.debug.xcconfig"; sourceTree = "<group>"; };
		1D737DD8D8FD113FCFBB9A3E /* Pods-FlixTests.release.xcconfig */ = {isa = PBXFileReference; includeInIndex = 1; lastKnownFileType = text.xcconfig; name = "Pods-FlixTests.release.xcconfig"; path = "Target Support Files/Pods-FlixTests/Pods-FlixTests.release.xcconfig"; sourceTree = "<group>"; };
		2DB4DE171B6F39D9DE3AFDA6 /* Pods-Flix-FlixUITests.release.xcconfig */ = {isa = PBXFileReference; includeInIndex = 1; lastKnownFileType = text.xcconfig; name = "Pods-Flix-FlixUITests.release.xcconfig"; path = "Target Support Files/Pods-Flix-FlixUITests/Pods-Flix-FlixUITests.release.xcconfig"; sourceTree = "<group>"; };
		3C045486EAB19568922C5FEE /* Pods-Flix.debug.xcconfig */ = {isa = PBXFileReference; includeInIndex = 1; lastKnownFileType = text.xcconfig; name = "Pods-Flix.debug.xcconfig"; path = "Target Support Files/Pods-Flix/Pods-Flix.debug.xcconfig"; sourceTree = "<group>"; };
		5AB6A42E7B4DB819A1AECC18 /* Pods_Flix_FlixUITests.framework */ = {isa = PBXFileReference; explicitFileType = wrapper.framework; includeInIndex = 0; path = Pods_Flix_FlixUITests.framework; sourceTree = BUILT_PRODUCTS_DIR; };
		8F6E6DC6DAD22232CEBF6E7D /* Pods-FlixTests.debug.xcconfig */ = {isa = PBXFileReference; includeInIndex = 1; lastKnownFileType = text.xcconfig; name = "Pods-FlixTests.debug.xcconfig"; path = "Target Support Files/Pods-FlixTests/Pods-FlixTests.debug.xcconfig"; sourceTree = "<group>"; };
		92A464B928C8FF580098AB02 /* Flix.app */ = {isa = PBXFileReference; explicitFileType = wrapper.application; includeInIndex = 0; path = Flix.app; sourceTree = BUILT_PRODUCTS_DIR; };
		92A464BC28C8FF580098AB02 /* AppDelegate.swift */ = {isa = PBXFileReference; lastKnownFileType = sourcecode.swift; path = AppDelegate.swift; sourceTree = "<group>"; };
		92A464BE28C8FF580098AB02 /* SceneDelegate.swift */ = {isa = PBXFileReference; lastKnownFileType = sourcecode.swift; path = SceneDelegate.swift; sourceTree = "<group>"; };
		92A464C028C8FF580098AB02 /* ViewController.swift */ = {isa = PBXFileReference; lastKnownFileType = sourcecode.swift; path = ViewController.swift; sourceTree = "<group>"; };
		92A464C328C8FF580098AB02 /* Base */ = {isa = PBXFileReference; lastKnownFileType = file.storyboard; name = Base; path = Base.lproj/Main.storyboard; sourceTree = "<group>"; };
		92A464C528C8FF5A0098AB02 /* Assets.xcassets */ = {isa = PBXFileReference; lastKnownFileType = folder.assetcatalog; path = Assets.xcassets; sourceTree = "<group>"; };
		92A464C828C8FF5A0098AB02 /* Base */ = {isa = PBXFileReference; lastKnownFileType = file.storyboard; name = Base; path = Base.lproj/LaunchScreen.storyboard; sourceTree = "<group>"; };
		92A464CA28C8FF5A0098AB02 /* Info.plist */ = {isa = PBXFileReference; lastKnownFileType = text.plist.xml; path = Info.plist; sourceTree = "<group>"; };
		92A464CF28C8FF5A0098AB02 /* FlixTests.xctest */ = {isa = PBXFileReference; explicitFileType = wrapper.cfbundle; includeInIndex = 0; path = FlixTests.xctest; sourceTree = BUILT_PRODUCTS_DIR; };
		92A464D328C8FF5A0098AB02 /* FlixTests.swift */ = {isa = PBXFileReference; lastKnownFileType = sourcecode.swift; path = FlixTests.swift; sourceTree = "<group>"; };
		92A464D928C8FF5A0098AB02 /* FlixUITests.xctest */ = {isa = PBXFileReference; explicitFileType = wrapper.cfbundle; includeInIndex = 0; path = FlixUITests.xctest; sourceTree = BUILT_PRODUCTS_DIR; };
		92A464DD28C8FF5A0098AB02 /* FlixUITests.swift */ = {isa = PBXFileReference; lastKnownFileType = sourcecode.swift; path = FlixUITests.swift; sourceTree = "<group>"; };
		92A464DF28C8FF5A0098AB02 /* FlixUITestsLaunchTests.swift */ = {isa = PBXFileReference; lastKnownFileType = sourcecode.swift; path = FlixUITestsLaunchTests.swift; sourceTree = "<group>"; };
		92A464EC28C902990098AB02 /* MovieCell.swift */ = {isa = PBXFileReference; lastKnownFileType = sourcecode.swift; path = MovieCell.swift; sourceTree = "<group>"; };
		BC80473B92A7EBF156313F9C /* Pods-Flix.release.xcconfig */ = {isa = PBXFileReference; includeInIndex = 1; lastKnownFileType = text.xcconfig; name = "Pods-Flix.release.xcconfig"; path = "Target Support Files/Pods-Flix/Pods-Flix.release.xcconfig"; sourceTree = "<group>"; };
		E7265A4104569D505D4444A8 /* Pods_FlixTests.framework */ = {isa = PBXFileReference; explicitFileType = wrapper.framework; includeInIndex = 0; path = Pods_FlixTests.framework; sourceTree = BUILT_PRODUCTS_DIR; };
		F40481EFC0C10EBD8E8F0EBB /* Pods_Flix.framework */ = {isa = PBXFileReference; explicitFileType = wrapper.framework; includeInIndex = 0; path = Pods_Flix.framework; sourceTree = BUILT_PRODUCTS_DIR; };
/* End PBXFileReference section */

/* Begin PBXFrameworksBuildPhase section */
		92A464B628C8FF580098AB02 /* Frameworks */ = {
			isa = PBXFrameworksBuildPhase;
			buildActionMask = 2147483647;
			files = (
				F6BDB14C3A8077CD497EA4E4 /* Pods_Flix.framework in Frameworks */,
			);
			runOnlyForDeploymentPostprocessing = 0;
		};
		92A464CC28C8FF5A0098AB02 /* Frameworks */ = {
			isa = PBXFrameworksBuildPhase;
			buildActionMask = 2147483647;
			files = (
				46846FEFFF3025B7EF4C56ED /* Pods_FlixTests.framework in Frameworks */,
			);
			runOnlyForDeploymentPostprocessing = 0;
		};
		92A464D628C8FF5A0098AB02 /* Frameworks */ = {
			isa = PBXFrameworksBuildPhase;
			buildActionMask = 2147483647;
			files = (
				A25545FA8967DC6A87DB9AA6 /* Pods_Flix_FlixUITests.framework in Frameworks */,
			);
			runOnlyForDeploymentPostprocessing = 0;
		};
/* End PBXFrameworksBuildPhase section */

/* Begin PBXGroup section */
		6780989C822394A46E84A5C3 /* Frameworks */ = {
			isa = PBXGroup;
			children = (
				F40481EFC0C10EBD8E8F0EBB /* Pods_Flix.framework */,
				5AB6A42E7B4DB819A1AECC18 /* Pods_Flix_FlixUITests.framework */,
				E7265A4104569D505D4444A8 /* Pods_FlixTests.framework */,
			);
			name = Frameworks;
			sourceTree = "<group>";
		};
		92A464B028C8FF580098AB02 = {
			isa = PBXGroup;
			children = (
				92A464BB28C8FF580098AB02 /* Flix */,
				92A464D228C8FF5A0098AB02 /* FlixTests */,
				92A464DC28C8FF5A0098AB02 /* FlixUITests */,
				92A464BA28C8FF580098AB02 /* Products */,
				A04CEDB33F248F0B63BC9194 /* Pods */,
				6780989C822394A46E84A5C3 /* Frameworks */,
			);
			sourceTree = "<group>";
		};
		92A464BA28C8FF580098AB02 /* Products */ = {
			isa = PBXGroup;
			children = (
				92A464B928C8FF580098AB02 /* Flix.app */,
				92A464CF28C8FF5A0098AB02 /* FlixTests.xctest */,
				92A464D928C8FF5A0098AB02 /* FlixUITests.xctest */,
			);
			name = Products;
			sourceTree = "<group>";
		};
		92A464BB28C8FF580098AB02 /* Flix */ = {
			isa = PBXGroup;
			children = (
				92A464BC28C8FF580098AB02 /* AppDelegate.swift */,
				92A464BE28C8FF580098AB02 /* SceneDelegate.swift */,
				92A464C028C8FF580098AB02 /* ViewController.swift */,
				92A464C228C8FF580098AB02 /* Main.storyboard */,
				92A464EC28C902990098AB02 /* MovieCell.swift */,
				92A464C528C8FF5A0098AB02 /* Assets.xcassets */,
				92A464C728C8FF5A0098AB02 /* LaunchScreen.storyboard */,
				92A464CA28C8FF5A0098AB02 /* Info.plist */,
			);
			path = Flix;
			sourceTree = "<group>";
		};
		92A464D228C8FF5A0098AB02 /* FlixTests */ = {
			isa = PBXGroup;
			children = (
				92A464D328C8FF5A0098AB02 /* FlixTests.swift */,
			);
			path = FlixTests;
			sourceTree = "<group>";
		};
		92A464DC28C8FF5A0098AB02 /* FlixUITests */ = {
			isa = PBXGroup;
			children = (
				92A464DD28C8FF5A0098AB02 /* FlixUITests.swift */,
				92A464DF28C8FF5A0098AB02 /* FlixUITestsLaunchTests.swift */,
			);
			path = FlixUITests;
			sourceTree = "<group>";
		};
		A04CEDB33F248F0B63BC9194 /* Pods */ = {
			isa = PBXGroup;
			children = (
				3C045486EAB19568922C5FEE /* Pods-Flix.debug.xcconfig */,
				BC80473B92A7EBF156313F9C /* Pods-Flix.release.xcconfig */,
				0E0D259223F6888A765DFFD2 /* Pods-Flix-FlixUITests.debug.xcconfig */,
				2DB4DE171B6F39D9DE3AFDA6 /* Pods-Flix-FlixUITests.release.xcconfig */,
				8F6E6DC6DAD22232CEBF6E7D /* Pods-FlixTests.debug.xcconfig */,
				1D737DD8D8FD113FCFBB9A3E /* Pods-FlixTests.release.xcconfig */,
			);
			name = Pods;
			path = Pods;
			sourceTree = "<group>";
		};
/* End PBXGroup section */

/* Begin PBXNativeTarget section */
		92A464B828C8FF580098AB02 /* Flix */ = {
			isa = PBXNativeTarget;
			buildConfigurationList = 92A464E328C8FF5A0098AB02 /* Build configuration list for PBXNativeTarget "Flix" */;
			buildPhases = (
				E20F63172279443F55B56F41 /* [CP] Check Pods Manifest.lock */,
				92A464B528C8FF580098AB02 /* Sources */,
				92A464B628C8FF580098AB02 /* Frameworks */,
				92A464B728C8FF580098AB02 /* Resources */,
				6F1EB81D2873A0D443772DA5 /* [CP] Embed Pods Frameworks */,
			);
			buildRules = (
			);
			dependencies = (
			);
			name = Flix;
			productName = Flix;
			productReference = 92A464B928C8FF580098AB02 /* Flix.app */;
			productType = "com.apple.product-type.application";
		};
		92A464CE28C8FF5A0098AB02 /* FlixTests */ = {
			isa = PBXNativeTarget;
			buildConfigurationList = 92A464E628C8FF5A0098AB02 /* Build configuration list for PBXNativeTarget "FlixTests" */;
			buildPhases = (
				64A3E7DDC884710A093E206B /* [CP] Check Pods Manifest.lock */,
				92A464CB28C8FF5A0098AB02 /* Sources */,
				92A464CC28C8FF5A0098AB02 /* Frameworks */,
				92A464CD28C8FF5A0098AB02 /* Resources */,
			);
			buildRules = (
			);
			dependencies = (
				92A464D128C8FF5A0098AB02 /* PBXTargetDependency */,
			);
			name = FlixTests;
			productName = FlixTests;
			productReference = 92A464CF28C8FF5A0098AB02 /* FlixTests.xctest */;
			productType = "com.apple.product-type.bundle.unit-test";
		};
		92A464D828C8FF5A0098AB02 /* FlixUITests */ = {
			isa = PBXNativeTarget;
			buildConfigurationList = 92A464E928C8FF5A0098AB02 /* Build configuration list for PBXNativeTarget "FlixUITests" */;
			buildPhases = (
				B591F1F43F5ECE373F09E7A5 /* [CP] Check Pods Manifest.lock */,
				92A464D528C8FF5A0098AB02 /* Sources */,
				92A464D628C8FF5A0098AB02 /* Frameworks */,
				92A464D728C8FF5A0098AB02 /* Resources */,
				BF5EC88898541C2B2B5C3229 /* [CP] Embed Pods Frameworks */,
			);
			buildRules = (
			);
			dependencies = (
				92A464DB28C8FF5A0098AB02 /* PBXTargetDependency */,
			);
			name = FlixUITests;
			productName = FlixUITests;
			productReference = 92A464D928C8FF5A0098AB02 /* FlixUITests.xctest */;
			productType = "com.apple.product-type.bundle.ui-testing";
		};
/* End PBXNativeTarget section */

/* Begin PBXProject section */
		92A464B128C8FF580098AB02 /* Project object */ = {
			isa = PBXProject;
			attributes = {
				BuildIndependentTargetsInParallel = 1;
				LastSwiftUpdateCheck = 1340;
				LastUpgradeCheck = 1340;
				TargetAttributes = {
					92A464B828C8FF580098AB02 = {
						CreatedOnToolsVersion = 13.4.1;
					};
					92A464CE28C8FF5A0098AB02 = {
						CreatedOnToolsVersion = 13.4.1;
						TestTargetID = 92A464B828C8FF580098AB02;
					};
					92A464D828C8FF5A0098AB02 = {
						CreatedOnToolsVersion = 13.4.1;
						TestTargetID = 92A464B828C8FF580098AB02;
					};
				};
			};
			buildConfigurationList = 92A464B428C8FF580098AB02 /* Build configuration list for PBXProject "Flix" */;
			compatibilityVersion = "Xcode 13.0";
			developmentRegion = en;
			hasScannedForEncodings = 0;
			knownRegions = (
				en,
				Base,
			);
			mainGroup = 92A464B028C8FF580098AB02;
			productRefGroup = 92A464BA28C8FF580098AB02 /* Products */;
			projectDirPath = "";
			projectRoot = "";
			targets = (
				92A464B828C8FF580098AB02 /* Flix */,
				92A464CE28C8FF5A0098AB02 /* FlixTests */,
				92A464D828C8FF5A0098AB02 /* FlixUITests */,
			);
		};
/* End PBXProject section */

/* Begin PBXResourcesBuildPhase section */
		92A464B728C8FF580098AB02 /* Resources */ = {
			isa = PBXResourcesBuildPhase;
			buildActionMask = 2147483647;
			files = (
				92A464C928C8FF5A0098AB02 /* LaunchScreen.storyboard in Resources */,
				92A464C628C8FF5A0098AB02 /* Assets.xcassets in Resources */,
				92A464C428C8FF580098AB02 /* Main.storyboard in Resources */,
			);
			runOnlyForDeploymentPostprocessing = 0;
		};
		92A464CD28C8FF5A0098AB02 /* Resources */ = {
			isa = PBXResourcesBuildPhase;
			buildActionMask = 2147483647;
			files = (
			);
			runOnlyForDeploymentPostprocessing = 0;
		};
		92A464D728C8FF5A0098AB02 /* Resources */ = {
			isa = PBXResourcesBuildPhase;
			buildActionMask = 2147483647;
			files = (
			);
			runOnlyForDeploymentPostprocessing = 0;
		};
/* End PBXResourcesBuildPhase section */

/* Begin PBXShellScriptBuildPhase section */
		64A3E7DDC884710A093E206B /* [CP] Check Pods Manifest.lock */ = {
			isa = PBXShellScriptBuildPhase;
			buildActionMask = 2147483647;
			files = (
			);
			inputFileListPaths = (
			);
			inputPaths = (
				"${PODS_PODFILE_DIR_PATH}/Podfile.lock",
				"${PODS_ROOT}/Manifest.lock",
			);
			name = "[CP] Check Pods Manifest.lock";
			outputFileListPaths = (
			);
			outputPaths = (
				"$(DERIVED_FILE_DIR)/Pods-FlixTests-checkManifestLockResult.txt",
			);
			runOnlyForDeploymentPostprocessing = 0;
			shellPath = /bin/sh;
			shellScript = "diff \"${PODS_PODFILE_DIR_PATH}/Podfile.lock\" \"${PODS_ROOT}/Manifest.lock\" > /dev/null\nif [ $? != 0 ] ; then\n    # print error to STDERR\n    echo \"error: The sandbox is not in sync with the Podfile.lock. Run 'pod install' or update your CocoaPods installation.\" >&2\n    exit 1\nfi\n# This output is used by Xcode 'outputs' to avoid re-running this script phase.\necho \"SUCCESS\" > \"${SCRIPT_OUTPUT_FILE_0}\"\n";
			showEnvVarsInLog = 0;
		};
		6F1EB81D2873A0D443772DA5 /* [CP] Embed Pods Frameworks */ = {
			isa = PBXShellScriptBuildPhase;
			buildActionMask = 2147483647;
			files = (
			);
			inputFileListPaths = (
				"${PODS_ROOT}/Target Support Files/Pods-Flix/Pods-Flix-frameworks-${CONFIGURATION}-input-files.xcfilelist",
			);
			name = "[CP] Embed Pods Frameworks";
			outputFileListPaths = (
				"${PODS_ROOT}/Target Support Files/Pods-Flix/Pods-Flix-frameworks-${CONFIGURATION}-output-files.xcfilelist",
			);
			runOnlyForDeploymentPostprocessing = 0;
			shellPath = /bin/sh;
			shellScript = "\"${PODS_ROOT}/Target Support Files/Pods-Flix/Pods-Flix-frameworks.sh\"\n";
			showEnvVarsInLog = 0;
		};
		B591F1F43F5ECE373F09E7A5 /* [CP] Check Pods Manifest.lock */ = {
			isa = PBXShellScriptBuildPhase;
			buildActionMask = 2147483647;
			files = (
			);
			inputFileListPaths = (
			);
			inputPaths = (
				"${PODS_PODFILE_DIR_PATH}/Podfile.lock",
				"${PODS_ROOT}/Manifest.lock",
			);
			name = "[CP] Check Pods Manifest.lock";
			outputFileListPaths = (
			);
			outputPaths = (
				"$(DERIVED_FILE_DIR)/Pods-Flix-FlixUITests-checkManifestLockResult.txt",
			);
			runOnlyForDeploymentPostprocessing = 0;
			shellPath = /bin/sh;
			shellScript = "diff \"${PODS_PODFILE_DIR_PATH}/Podfile.lock\" \"${PODS_ROOT}/Manifest.lock\" > /dev/null\nif [ $? != 0 ] ; then\n    # print error to STDERR\n    echo \"error: The sandbox is not in sync with the Podfile.lock. Run 'pod install' or update your CocoaPods installation.\" >&2\n    exit 1\nfi\n# This output is used by Xcode 'outputs' to avoid re-running this script phase.\necho \"SUCCESS\" > \"${SCRIPT_OUTPUT_FILE_0}\"\n";
			showEnvVarsInLog = 0;
		};
		BF5EC88898541C2B2B5C3229 /* [CP] Embed Pods Frameworks */ = {
			isa = PBXShellScriptBuildPhase;
			buildActionMask = 2147483647;
			files = (
			);
			inputFileListPaths = (
				"${PODS_ROOT}/Target Support Files/Pods-Flix-FlixUITests/Pods-Flix-FlixUITests-frameworks-${CONFIGURATION}-input-files.xcfilelist",
			);
			name = "[CP] Embed Pods Frameworks";
			outputFileListPaths = (
				"${PODS_ROOT}/Target Support Files/Pods-Flix-FlixUITests/Pods-Flix-FlixUITests-frameworks-${CONFIGURATION}-output-files.xcfilelist",
			);
			runOnlyForDeploymentPostprocessing = 0;
			shellPath = /bin/sh;
			shellScript = "\"${PODS_ROOT}/Target Support Files/Pods-Flix-FlixUITests/Pods-Flix-FlixUITests-frameworks.sh\"\n";
			showEnvVarsInLog = 0;
		};
		E20F63172279443F55B56F41 /* [CP] Check Pods Manifest.lock */ = {
			isa = PBXShellScriptBuildPhase;
			buildActionMask = 2147483647;
			files = (
			);
			inputFileListPaths = (
			);
			inputPaths = (
				"${PODS_PODFILE_DIR_PATH}/Podfile.lock",
				"${PODS_ROOT}/Manifest.lock",
			);
			name = "[CP] Check Pods Manifest.lock";
			outputFileListPaths = (
			);
			outputPaths = (
				"$(DERIVED_FILE_DIR)/Pods-Flix-checkManifestLockResult.txt",
			);
			runOnlyForDeploymentPostprocessing = 0;
			shellPath = /bin/sh;
			shellScript = "diff \"${PODS_PODFILE_DIR_PATH}/Podfile.lock\" \"${PODS_ROOT}/Manifest.lock\" > /dev/null\nif [ $? != 0 ] ; then\n    # print error to STDERR\n    echo \"error: The sandbox is not in sync with the Podfile.lock. Run 'pod install' or update your CocoaPods installation.\" >&2\n    exit 1\nfi\n# This output is used by Xcode 'outputs' to avoid re-running this script phase.\necho \"SUCCESS\" > \"${SCRIPT_OUTPUT_FILE_0}\"\n";
			showEnvVarsInLog = 0;
		};
/* End PBXShellScriptBuildPhase section */

/* Begin PBXSourcesBuildPhase section */
		92A464B528C8FF580098AB02 /* Sources */ = {
			isa = PBXSourcesBuildPhase;
			buildActionMask = 2147483647;
			files = (
				92A464C128C8FF580098AB02 /* ViewController.swift in Sources */,
				92A464BD28C8FF580098AB02 /* AppDelegate.swift in Sources */,
				92A464ED28C902990098AB02 /* MovieCell.swift in Sources */,
				92A464BF28C8FF580098AB02 /* SceneDelegate.swift in Sources */,
			);
			runOnlyForDeploymentPostprocessing = 0;
		};
		92A464CB28C8FF5A0098AB02 /* Sources */ = {
			isa = PBXSourcesBuildPhase;
			buildActionMask = 2147483647;
			files = (
				92A464D428C8FF5A0098AB02 /* FlixTests.swift in Sources */,
			);
			runOnlyForDeploymentPostprocessing = 0;
		};
		92A464D528C8FF5A0098AB02 /* Sources */ = {
			isa = PBXSourcesBuildPhase;
			buildActionMask = 2147483647;
			files = (
				92A464DE28C8FF5A0098AB02 /* FlixUITests.swift in Sources */,
				92A464E028C8FF5A0098AB02 /* FlixUITestsLaunchTests.swift in Sources */,
			);
			runOnlyForDeploymentPostprocessing = 0;
		};
/* End PBXSourcesBuildPhase section */

/* Begin PBXTargetDependency section */
		92A464D128C8FF5A0098AB02 /* PBXTargetDependency */ = {
			isa = PBXTargetDependency;
			target = 92A464B828C8FF580098AB02 /* Flix */;
			targetProxy = 92A464D028C8FF5A0098AB02 /* PBXContainerItemProxy */;
		};
		92A464DB28C8FF5A0098AB02 /* PBXTargetDependency */ = {
			isa = PBXTargetDependency;
			target = 92A464B828C8FF580098AB02 /* Flix */;
			targetProxy = 92A464DA28C8FF5A0098AB02 /* PBXContainerItemProxy */;
		};
/* End PBXTargetDependency section */

/* Begin PBXVariantGroup section */
		92A464C228C8FF580098AB02 /* Main.storyboard */ = {
			isa = PBXVariantGroup;
			children = (
				92A464C328C8FF580098AB02 /* Base */,
			);
			name = Main.storyboard;
			sourceTree = "<group>";
		};
		92A464C728C8FF5A0098AB02 /* LaunchScreen.storyboard */ = {
			isa = PBXVariantGroup;
			children = (
				92A464C828C8FF5A0098AB02 /* Base */,
			);
			name = LaunchScreen.storyboard;
			sourceTree = "<group>";
		};
/* End PBXVariantGroup section */

/* Begin XCBuildConfiguration section */
		92A464E128C8FF5A0098AB02 /* Debug */ = {
			isa = XCBuildConfiguration;
			buildSettings = {
				ALWAYS_SEARCH_USER_PATHS = NO;
				CLANG_ANALYZER_NONNULL = YES;
				CLANG_ANALYZER_NUMBER_OBJECT_CONVERSION = YES_AGGRESSIVE;
				CLANG_CXX_LANGUAGE_STANDARD = "gnu++17";
				CLANG_ENABLE_MODULES = YES;
				CLANG_ENABLE_OBJC_ARC = YES;
				CLANG_ENABLE_OBJC_WEAK = YES;
				CLANG_WARN_BLOCK_CAPTURE_AUTORELEASING = YES;
				CLANG_WARN_BOOL_CONVERSION = YES;
				CLANG_WARN_COMMA = YES;
				CLANG_WARN_CONSTANT_CONVERSION = YES;
				CLANG_WARN_DEPRECATED_OBJC_IMPLEMENTATIONS = YES;
				CLANG_WARN_DIRECT_OBJC_ISA_USAGE = YES_ERROR;
				CLANG_WARN_DOCUMENTATION_COMMENTS = YES;
				CLANG_WARN_EMPTY_BODY = YES;
				CLANG_WARN_ENUM_CONVERSION = YES;
				CLANG_WARN_INFINITE_RECURSION = YES;
				CLANG_WARN_INT_CONVERSION = YES;
				CLANG_WARN_NON_LITERAL_NULL_CONVERSION = YES;
				CLANG_WARN_OBJC_IMPLICIT_RETAIN_SELF = YES;
				CLANG_WARN_OBJC_LITERAL_CONVERSION = YES;
				CLANG_WARN_OBJC_ROOT_CLASS = YES_ERROR;
				CLANG_WARN_QUOTED_INCLUDE_IN_FRAMEWORK_HEADER = YES;
				CLANG_WARN_RANGE_LOOP_ANALYSIS = YES;
				CLANG_WARN_STRICT_PROTOTYPES = YES;
				CLANG_WARN_SUSPICIOUS_MOVE = YES;
				CLANG_WARN_UNGUARDED_AVAILABILITY = YES_AGGRESSIVE;
				CLANG_WARN_UNREACHABLE_CODE = YES;
				CLANG_WARN__DUPLICATE_METHOD_MATCH = YES;
				COPY_PHASE_STRIP = NO;
				DEBUG_INFORMATION_FORMAT = dwarf;
				ENABLE_STRICT_OBJC_MSGSEND = YES;
				ENABLE_TESTABILITY = YES;
				GCC_C_LANGUAGE_STANDARD = gnu11;
				GCC_DYNAMIC_NO_PIC = NO;
				GCC_NO_COMMON_BLOCKS = YES;
				GCC_OPTIMIZATION_LEVEL = 0;
				GCC_PREPROCESSOR_DEFINITIONS = (
					"DEBUG=1",
					"$(inherited)",
				);
				GCC_WARN_64_TO_32_BIT_CONVERSION = YES;
				GCC_WARN_ABOUT_RETURN_TYPE = YES_ERROR;
				GCC_WARN_UNDECLARED_SELECTOR = YES;
				GCC_WARN_UNINITIALIZED_AUTOS = YES_AGGRESSIVE;
				GCC_WARN_UNUSED_FUNCTION = YES;
				GCC_WARN_UNUSED_VARIABLE = YES;
				IPHONEOS_DEPLOYMENT_TARGET = 15.5;
				MTL_ENABLE_DEBUG_INFO = INCLUDE_SOURCE;
				MTL_FAST_MATH = YES;
				ONLY_ACTIVE_ARCH = YES;
				SDKROOT = iphoneos;
				SWIFT_ACTIVE_COMPILATION_CONDITIONS = DEBUG;
				SWIFT_OPTIMIZATION_LEVEL = "-Onone";
			};
			name = Debug;
		};
		92A464E228C8FF5A0098AB02 /* Release */ = {
			isa = XCBuildConfiguration;
			buildSettings = {
				ALWAYS_SEARCH_USER_PATHS = NO;
				CLANG_ANALYZER_NONNULL = YES;
				CLANG_ANALYZER_NUMBER_OBJECT_CONVERSION = YES_AGGRESSIVE;
				CLANG_CXX_LANGUAGE_STANDARD = "gnu++17";
				CLANG_ENABLE_MODULES = YES;
				CLANG_ENABLE_OBJC_ARC = YES;
				CLANG_ENABLE_OBJC_WEAK = YES;
				CLANG_WARN_BLOCK_CAPTURE_AUTORELEASING = YES;
				CLANG_WARN_BOOL_CONVERSION = YES;
				CLANG_WARN_COMMA = YES;
				CLANG_WARN_CONSTANT_CONVERSION = YES;
				CLANG_WARN_DEPRECATED_OBJC_IMPLEMENTATIONS = YES;
				CLANG_WARN_DIRECT_OBJC_ISA_USAGE = YES_ERROR;
				CLANG_WARN_DOCUMENTATION_COMMENTS = YES;
				CLANG_WARN_EMPTY_BODY = YES;
				CLANG_WARN_ENUM_CONVERSION = YES;
				CLANG_WARN_INFINITE_RECURSION = YES;
				CLANG_WARN_INT_CONVERSION = YES;
				CLANG_WARN_NON_LITERAL_NULL_CONVERSION = YES;
				CLANG_WARN_OBJC_IMPLICIT_RETAIN_SELF = YES;
				CLANG_WARN_OBJC_LITERAL_CONVERSION = YES;
				CLANG_WARN_OBJC_ROOT_CLASS = YES_ERROR;
				CLANG_WARN_QUOTED_INCLUDE_IN_FRAMEWORK_HEADER = YES;
				CLANG_WARN_RANGE_LOOP_ANALYSIS = YES;
				CLANG_WARN_STRICT_PROTOTYPES = YES;
				CLANG_WARN_SUSPICIOUS_MOVE = YES;
				CLANG_WARN_UNGUARDED_AVAILABILITY = YES_AGGRESSIVE;
				CLANG_WARN_UNREACHABLE_CODE = YES;
				CLANG_WARN__DUPLICATE_METHOD_MATCH = YES;
				COPY_PHASE_STRIP = NO;
				DEBUG_INFORMATION_FORMAT = "dwarf-with-dsym";
				ENABLE_NS_ASSERTIONS = NO;
				ENABLE_STRICT_OBJC_MSGSEND = YES;
				GCC_C_LANGUAGE_STANDARD = gnu11;
				GCC_NO_COMMON_BLOCKS = YES;
				GCC_WARN_64_TO_32_BIT_CONVERSION = YES;
				GCC_WARN_ABOUT_RETURN_TYPE = YES_ERROR;
				GCC_WARN_UNDECLARED_SELECTOR = YES;
				GCC_WARN_UNINITIALIZED_AUTOS = YES_AGGRESSIVE;
				GCC_WARN_UNUSED_FUNCTION = YES;
				GCC_WARN_UNUSED_VARIABLE = YES;
				IPHONEOS_DEPLOYMENT_TARGET = 15.5;
				MTL_ENABLE_DEBUG_INFO = NO;
				MTL_FAST_MATH = YES;
				SDKROOT = iphoneos;
				SWIFT_COMPILATION_MODE = wholemodule;
				SWIFT_OPTIMIZATION_LEVEL = "-O";
				VALIDATE_PRODUCT = YES;
			};
			name = Release;
		};
		92A464E428C8FF5A0098AB02 /* Debug */ = {
			isa = XCBuildConfiguration;
			baseConfigurationReference = 3C045486EAB19568922C5FEE /* Pods-Flix.debug.xcconfig */;
			buildSettings = {
				ASSETCATALOG_COMPILER_APPICON_NAME = AppIcon;
				ASSETCATALOG_COMPILER_GLOBAL_ACCENT_COLOR_NAME = AccentColor;
				CODE_SIGN_STYLE = Automatic;
				CURRENT_PROJECT_VERSION = 1;
				GENERATE_INFOPLIST_FILE = YES;
				INFOPLIST_FILE = Flix/Info.plist;
				INFOPLIST_KEY_UIApplicationSupportsIndirectInputEvents = YES;
				INFOPLIST_KEY_UILaunchStoryboardName = LaunchScreen;
				INFOPLIST_KEY_UIMainStoryboardFile = Main;
				INFOPLIST_KEY_UISupportedInterfaceOrientations = "UIInterfaceOrientationPortrait UIInterfaceOrientationPortraitUpsideDown UIInterfaceOrientationLandscapeRight";
				INFOPLIST_KEY_UISupportedInterfaceOrientations_iPad = "UIInterfaceOrientationPortrait UIInterfaceOrientationPortraitUpsideDown UIInterfaceOrientationLandscapeLeft UIInterfaceOrientationLandscapeRight";
				INFOPLIST_KEY_UISupportedInterfaceOrientations_iPhone = "UIInterfaceOrientationPortrait UIInterfaceOrientationLandscapeLeft UIInterfaceOrientationLandscapeRight";
				LD_RUNPATH_SEARCH_PATHS = (
					"$(inherited)",
					"@executable_path/Frameworks",
				);
				MARKETING_VERSION = 1.0;
				PRODUCT_BUNDLE_IDENTIFIER = com.chengxue.Flix;
				PRODUCT_NAME = "$(TARGET_NAME)";
				SWIFT_EMIT_LOC_STRINGS = YES;
				SWIFT_VERSION = 5.0;
				TARGETED_DEVICE_FAMILY = "1,2";
			};
			name = Debug;
		};
		92A464E528C8FF5A0098AB02 /* Release */ = {
			isa = XCBuildConfiguration;
			baseConfigurationReference = BC80473B92A7EBF156313F9C /* Pods-Flix.release.xcconfig */;
			buildSettings = {
				ASSETCATALOG_COMPILER_APPICON_NAME = AppIcon;
				ASSETCATALOG_COMPILER_GLOBAL_ACCENT_COLOR_NAME = AccentColor;
				CODE_SIGN_STYLE = Automatic;
				CURRENT_PROJECT_VERSION = 1;
				GENERATE_INFOPLIST_FILE = YES;
				INFOPLIST_FILE = Flix/Info.plist;
				INFOPLIST_KEY_UIApplicationSupportsIndirectInputEvents = YES;
				INFOPLIST_KEY_UILaunchStoryboardName = LaunchScreen;
				INFOPLIST_KEY_UIMainStoryboardFile = Main;
				INFOPLIST_KEY_UISupportedInterfaceOrientations = "UIInterfaceOrientationPortrait UIInterfaceOrientationPortraitUpsideDown UIInterfaceOrientationLandscapeRight";
				INFOPLIST_KEY_UISupportedInterfaceOrientations_iPad = "UIInterfaceOrientationPortrait UIInterfaceOrientationPortraitUpsideDown UIInterfaceOrientationLandscapeLeft UIInterfaceOrientationLandscapeRight";
				INFOPLIST_KEY_UISupportedInterfaceOrientations_iPhone = "UIInterfaceOrientationPortrait UIInterfaceOrientationLandscapeLeft UIInterfaceOrientationLandscapeRight";
				LD_RUNPATH_SEARCH_PATHS = (
					"$(inherited)",
					"@executable_path/Frameworks",
				);
				MARKETING_VERSION = 1.0;
				PRODUCT_BUNDLE_IDENTIFIER = com.chengxue.Flix;
				PRODUCT_NAME = "$(TARGET_NAME)";
				SWIFT_EMIT_LOC_STRINGS = YES;
				SWIFT_VERSION = 5.0;
				TARGETED_DEVICE_FAMILY = "1,2";
			};
			name = Release;
		};
		92A464E728C8FF5A0098AB02 /* Debug */ = {
			isa = XCBuildConfiguration;
			baseConfigurationReference = 8F6E6DC6DAD22232CEBF6E7D /* Pods-FlixTests.debug.xcconfig */;
			buildSettings = {
				ALWAYS_EMBED_SWIFT_STANDARD_LIBRARIES = YES;
				BUNDLE_LOADER = "$(TEST_HOST)";
				CODE_SIGN_STYLE = Automatic;
				CURRENT_PROJECT_VERSION = 1;
				GENERATE_INFOPLIST_FILE = YES;
				IPHONEOS_DEPLOYMENT_TARGET = 15.5;
				MARKETING_VERSION = 1.0;
				PRODUCT_BUNDLE_IDENTIFIER = com.chengxue.FlixTests;
				PRODUCT_NAME = "$(TARGET_NAME)";
				SWIFT_EMIT_LOC_STRINGS = NO;
				SWIFT_VERSION = 5.0;
				TARGETED_DEVICE_FAMILY = "1,2";
				TEST_HOST = "$(BUILT_PRODUCTS_DIR)/Flix.app/Flix";
			};
			name = Debug;
		};
		92A464E828C8FF5A0098AB02 /* Release */ = {
			isa = XCBuildConfiguration;
			baseConfigurationReference = 1D737DD8D8FD113FCFBB9A3E /* Pods-FlixTests.release.xcconfig */;
			buildSettings = {
				ALWAYS_EMBED_SWIFT_STANDARD_LIBRARIES = YES;
				BUNDLE_LOADER = "$(TEST_HOST)";
				CODE_SIGN_STYLE = Automatic;
				CURRENT_PROJECT_VERSION = 1;
				GENERATE_INFOPLIST_FILE = YES;
				IPHONEOS_DEPLOYMENT_TARGET = 15.5;
				MARKETING_VERSION = 1.0;
				PRODUCT_BUNDLE_IDENTIFIER = com.chengxue.FlixTests;
				PRODUCT_NAME = "$(TARGET_NAME)";
				SWIFT_EMIT_LOC_STRINGS = NO;
				SWIFT_VERSION = 5.0;
				TARGETED_DEVICE_FAMILY = "1,2";
				TEST_HOST = "$(BUILT_PRODUCTS_DIR)/Flix.app/Flix";
			};
			name = Release;
		};
		92A464EA28C8FF5A0098AB02 /* Debug */ = {
			isa = XCBuildConfiguration;
			baseConfigurationReference = 0E0D259223F6888A765DFFD2 /* Pods-Flix-FlixUITests.debug.xcconfig */;
			buildSettings = {
				ALWAYS_EMBED_SWIFT_STANDARD_LIBRARIES = YES;
				CODE_SIGN_STYLE = Automatic;
				CURRENT_PROJECT_VERSION = 1;
				GENERATE_INFOPLIST_FILE = YES;
				MARKETING_VERSION = 1.0;
				PRODUCT_BUNDLE_IDENTIFIER = com.chengxue.FlixUITests;
				PRODUCT_NAME = "$(TARGET_NAME)";
				SWIFT_EMIT_LOC_STRINGS = NO;
				SWIFT_VERSION = 5.0;
				TARGETED_DEVICE_FAMILY = "1,2";
				TEST_TARGET_NAME = Flix;
			};
			name = Debug;
		};
		92A464EB28C8FF5A0098AB02 /* Release */ = {
			isa = XCBuildConfiguration;
			baseConfigurationReference = 2DB4DE171B6F39D9DE3AFDA6 /* Pods-Flix-FlixUITests.release.xcconfig */;
			buildSettings = {
				ALWAYS_EMBED_SWIFT_STANDARD_LIBRARIES = YES;
				CODE_SIGN_STYLE = Automatic;
				CURRENT_PROJECT_VERSION = 1;
				GENERATE_INFOPLIST_FILE = YES;
				MARKETING_VERSION = 1.0;
				PRODUCT_BUNDLE_IDENTIFIER = com.chengxue.FlixUITests;
				PRODUCT_NAME = "$(TARGET_NAME)";
				SWIFT_EMIT_LOC_STRINGS = NO;
				SWIFT_VERSION = 5.0;
				TARGETED_DEVICE_FAMILY = "1,2";
				TEST_TARGET_NAME = Flix;
			};
			name = Release;
		};
/* End XCBuildConfiguration section */

/* Begin XCConfigurationList section */
		92A464B428C8FF580098AB02 /* Build configuration list for PBXProject "Flix" */ = {
			isa = XCConfigurationList;
			buildConfigurations = (
				92A464E128C8FF5A0098AB02 /* Debug */,
				92A464E228C8FF5A0098AB02 /* Release */,
			);
			defaultConfigurationIsVisible = 0;
			defaultConfigurationName = Release;
		};
		92A464E328C8FF5A0098AB02 /* Build configuration list for PBXNativeTarget "Flix" */ = {
			isa = XCConfigurationList;
			buildConfigurations = (
				92A464E428C8FF5A0098AB02 /* Debug */,
				92A464E528C8FF5A0098AB02 /* Release */,
			);
			defaultConfigurationIsVisible = 0;
			defaultConfigurationName = Release;
		};
		92A464E628C8FF5A0098AB02 /* Build configuration list for PBXNativeTarget "FlixTests" */ = {
			isa = XCConfigurationList;
			buildConfigurations = (
				92A464E728C8FF5A0098AB02 /* Debug */,
				92A464E828C8FF5A0098AB02 /* Release */,
			);
			defaultConfigurationIsVisible = 0;
			defaultConfigurationName = Release;
		};
		92A464E928C8FF5A0098AB02 /* Build configuration list for PBXNativeTarget "FlixUITests" */ = {
			isa = XCConfigurationList;
			buildConfigurations = (
				92A464EA28C8FF5A0098AB02 /* Debug */,
				92A464EB28C8FF5A0098AB02 /* Release */,
			);
			defaultConfigurationIsVisible = 0;
			defaultConfigurationName = Release;
		};
/* End XCConfigurationList section */
	};
	rootObject = 92A464B128C8FF580098AB02 /* Project object */;
}
